{
  "name": "smartgn---digital-grama-niladhari-service-managememt-system",
  "version": "1.0.0",
  "lockfileVersion": 3,
  "requires": true,
  "packages": {
    "": {
      "name": "smartgn---digital-grama-niladhari-service-managememt-system",
      "version": "1.0.0",
      "license": "ISC"
    }
  }
}
